<?xml version="1.0" encoding="utf-8"?>
<Project ToolsVersion="4.0" xmlns="http://schemas.microsoft.com/developer/msbuild/2003">
  <ItemGroup>
    <Filter Include="win32">
      <UniqueIdentifier>{84a8ebd7-7cf0-47f6-b75e-d441df67da40}</UniqueIdentifier>
    </Filter>
    <Filter Include="resource">
      <UniqueIdentifier>{715254bc-d70b-4ec5-bf29-467dd3ace079}</UniqueIdentifier>
    </Filter>
    <Filter Include="src">
      <UniqueIdentifier>{bb6c862e-70e9-49d9-81b7-3829a6f50471}</UniqueIdentifier>
    </Filter>
    <Filter Include="src\Readers">
      <UniqueIdentifier>{8c0883bb-f14d-49b5-80af-124e7bc13f9e}</UniqueIdentifier>
    </Filter>
    <Filter Include="src\Classes">
      <UniqueIdentifier>{8b38c23d-f21d-49e5-9733-a65530f5bf39}</UniqueIdentifier>
    </Filter>
    <Filter Include="src\Interfaces">
      <UniqueIdentifier>{ba978384-f759-46dc-a1e1-b1382e3741c8}</UniqueIdentifier>
    </Filter>
    <Filter Include="src\Scenes">
      <UniqueIdentifier>{b041bb11-9327-4c05-b664-feeac3432691}</UniqueIdentifier>
    </Filter>
    <Filter Include="src\Managers">
      <UniqueIdentifier>{29b319bf-4654-474f-8432-611184258f0a}</UniqueIdentifier>
    </Filter>
    <Filter Include="src\Effects">
      <UniqueIdentifier>{e0c8a6d7-c604-4622-b3b4-99ae42fd392a}</UniqueIdentifier>
    </Filter>
    <Filter Include="src\Enumerations">
      <UniqueIdentifier>{4b12c92f-caf6-4f8a-8725-52238d6b6bfa}</UniqueIdentifier>
    </Filter>
    <Filter Include="src\Services">
      <UniqueIdentifier>{0ab05592-e663-465e-ade7-feeaeec5d4f5}</UniqueIdentifier>
    </Filter>
    <Filter Include="src\Structures">
      <UniqueIdentifier>{ee86cc55-e6aa-421b-911a-eda393bc96b3}</UniqueIdentifier>
    </Filter>
  </ItemGroup>
  <ItemGroup>
    <ClCompile Include="main.cpp">
      <Filter>win32</Filter>
    </ClCompile>
    <ClCompile Include="..\Classes\AppDelegate.cpp">
      <Filter>src</Filter>
    </ClCompile>
    <ClCompile Include="..\Classes\scenes\GameScene.cpp">
      <Filter>src\Scenes</Filter>
    </ClCompile>
    <ClCompile Include="..\Classes\scenes\StartMenuScene.cpp">
      <Filter>src\Scenes</Filter>
    </ClCompile>
    <ClCompile Include="..\Classes\scenes\GameOverScene.cpp">
      <Filter>src\Scenes</Filter>
    </ClCompile>
    <ClCompile Include="..\Classes\Dungeon.cpp">
      <Filter>src\Classes</Filter>
    </ClCompile>
    <ClCompile Include="..\Classes\GameUI.cpp">
      <Filter>src\Classes</Filter>
    </ClCompile>
    <ClCompile Include="..\Classes\Player.cpp">
      <Filter>src\Classes</Filter>
    </ClCompile>
    <ClCompile Include="..\Classes\Slime.cpp">
      <Filter>src\Classes</Filter>
    </ClCompile>
    <ClCompile Include="..\Classes\managers\SlimeManager.cpp">
      <Filter>src\Managers</Filter>
    </ClCompile>
    <ClCompile Include="..\Classes\effects\ShakeEffect.cpp">
      <Filter>src\Effects</Filter>
    </ClCompile>
    <ClCompile Include="..\Classes\readers\GameUIReader.cpp">
      <Filter>src\Readers</Filter>
    </ClCompile>
    <ClCompile Include="..\Classes\services\DirectoryService.cpp">
      <Filter>src\Services</Filter>
    </ClCompile>
    <ClCompile Include="..\Classes\services\ScoreService.cpp">
      <Filter>src\Services</Filter>
    </ClCompile>
    <ClCompile Include="..\Classes\services\SceneServce.cpp">
      <Filter>src\Services</Filter>
    </ClCompile>
    <ClCompile Include="..\Classes\readers\DungeonReader.cpp">
      <Filter>src\Readers</Filter>
    </ClCompile>
  </ItemGroup>
  <ItemGroup>
    <ClInclude Include="main.h">
      <Filter>win32</Filter>
    </ClInclude>
    <ClInclude Include="..\Classes\AppDelegate.h">
      <Filter>src</Filter>
    </ClInclude>
    <ClInclude Include="..\Classes\scenes\GameScene.h">
      <Filter>src\Scenes</Filter>
    </ClInclude>
    <ClInclude Include="..\Classes\scenes\StartMenuScene.h">
      <Filter>src\Scenes</Filter>
    </ClInclude>
    <ClInclude Include="..\Classes\interfaces\MoveableInterface.h">
      <Filter>src\Interfaces</Filter>
    </ClInclude>
    <ClInclude Include="..\Classes\interfaces\DamagableInterface.h">
      <Filter>src\Interfaces</Filter>
    </ClInclude>
    <ClInclude Include="..\Classes\scenes\GameOverScene.h">
      <Filter>src\Scenes</Filter>
    </ClInclude>
    <ClInclude Include="..\Classes\Slime.h">
      <Filter>src\Classes</Filter>
    </ClInclude>
    <ClInclude Include="..\Classes\Dungeon.h">
      <Filter>src\Classes</Filter>
    </ClInclude>
    <ClInclude Include="..\Classes\GameUI.h">
      <Filter>src\Classes</Filter>
    </ClInclude>
    <ClInclude Include="..\Classes\Player.h">
      <Filter>src\Classes</Filter>
    </ClInclude>
    <ClInclude Include="..\Classes\managers\SlimeManager.h">
      <Filter>src\Managers</Filter>
    </ClInclude>
    <ClInclude Include="..\Classes\effects\ShakeEffect.h">
      <Filter>src\Effects</Filter>
    </ClInclude>
    <ClInclude Include="..\Classes\enumerations\Direction.h">
      <Filter>src\Enumerations</Filter>
    </ClInclude>
    <ClInclude Include="..\Classes\readers\GameUIReader.h">
      <Filter>src\Readers</Filter>
    </ClInclude>
    <ClInclude Include="..\Classes\services\DirectoryService.h">
      <Filter>src\Services</Filter>
    </ClInclude>
    <ClInclude Include="..\Classes\services\ScoreService.h">
      <Filter>src\Services</Filter>
    </ClInclude>
    <ClInclude Include="..\Classes\services\SceneService.h">
      <Filter>src\Services</Filter>
    </ClInclude>
    <ClInclude Include="..\Classes\readers\DungeonReader.h">
      <Filter>src\Readers</Filter>
    </ClInclude>
    <ClInclude Include="..\Classes\structures\DungeonInhabitant.h">
      <Filter>src\Structures</Filter>
    </ClInclude>
    <ClInclude Include="..\Classes\structures\DungeonTile.h">
      <Filter>src\Structures</Filter>
    </ClInclude>
  </ItemGroup>
  <ItemGroup>
    <ResourceCompile Include="game.rc">
      <Filter>resource</Filter>
    </ResourceCompile>
  </ItemGroup>
  <ItemGroup>
    <None Include="ClassDiagram.cd" />
  </ItemGroup>
</Project>